
Microsoft Visual Studio Solution File, Format Version 12.00
# Visual Studio Version 17
VisualStudioVersion = 17.5.002.0
MinimumVisualStudioVersion = 10.0.40219.1
Project("{9A19103F-16F7-4668-BE54-9A1E7A4F7556}") = "API", "API.csproj", "{8239004A-39FF-47D1-9D35-B80E5A8ADB78}"
EndProject
Global
	GlobalSection(SolutionConfigurationPlatforms) = preSolution
		Debug|Any CPU = Debug|Any CPU
		Release|Any CPU = Release|Any CPU
	EndGlobalSection
	GlobalSection(ProjectConfigurationPlatforms) = postSolution
		{8239004A-39FF-47D1-9D35-B80E5A8ADB78}.Debug|Any CPU.ActiveCfg = Debug|Any CPU
		{8239004A-39FF-47D1-9D35-B80E5A8ADB78}.Debug|Any CPU.Build.0 = Debug|Any CPU
		{8239004A-39FF-47D1-9D35-B80E5A8ADB78}.Release|Any CPU.ActiveCfg = Release|Any CPU
		{8239004A-39FF-47D1-9D35-B80E5A8ADB78}.Release|Any CPU.Build.0 = Release|Any CPU
	EndGlobalSection
	GlobalSection(SolutionProperties) = preSolution
		HideSolutionNode = FALSE
	EndGlobalSection
	GlobalSection(ExtensibilityGlobals) = postSolution
		SolutionGuid = {7B250501-2D0D-4029-B9C1-D57E06284E06}
	EndGlobalSection
EndGlobal
